
Microsoft Visual Studio Solution File, Format Version 12.00
# Visual Studio 15
VisualStudioVersion = 15.0.27703.2042
MinimumVisualStudioVersion = 10.0.40219.1
Project("{FAE04EC0-301F-11D3-BF4B-00C04F79EFBC}") = "UI-Task", "UI-Task\UI-Task.csproj", "{37C43447-853B-4221-A161-B75E96325C34}"
EndProject
Global
	GlobalSection(SolutionConfigurationPlatforms) = preSolution
		Debug|Any CPU = Debug|Any CPU
		Release|Any CPU = Release|Any CPU
	EndGlobalSection
	GlobalSection(ProjectConfigurationPlatforms) = postSolution
		{37C43447-853B-4221-A161-B75E96325C34}.Debug|Any CPU.ActiveCfg = Debug|Any CPU
		{37C43447-853B-4221-A161-B75E96325C34}.Debug|Any CPU.Build.0 = Debug|Any CPU
		{37C43447-853B-4221-A161-B75E96325C34}.Release|Any CPU.ActiveCfg = Release|Any CPU
		{37C43447-853B-4221-A161-B75E96325C34}.Release|Any CPU.Build.0 = Release|Any CPU
	EndGlobalSection
	GlobalSection(SolutionProperties) = preSolution
		HideSolutionNode = FALSE
	EndGlobalSection
	GlobalSection(ExtensibilityGlobals) = postSolution
		SolutionGuid = {999D8AC3-5E58-4759-B6DD-6A5A611F7D6D}
	EndGlobalSection
EndGlobal
